{
  "requires": true,
  "lockfileVersion": 1,
  "dependencies": {
    "galio-framework": {
      "version": "0.6.3",
      "resolved": "https://registry.npmjs.org/galio-framework/-/galio-framework-0.6.3.tgz",
      "integrity": "sha512-4xCt2qprjlwk1eAc7vR0fnIH1BzZpzkONHPPy9B/HA69XQ4tPHkbT8Reva/r8oZoeYwDilXiR3AtY5vbExH+qA==",
      "requires": {
        "opencollective-postinstall": "^2.0.1"
      }
    },
    "opencollective-postinstall": {
      "version": "2.0.2",
      "resolved": "https://registry.npmjs.org/opencollective-postinstall/-/opencollective-postinstall-2.0.2.tgz",
      "integrity": "sha512-pVOEP16TrAO2/fjej1IdOyupJY8KDUM1CvsaScRbw6oddvpQoOfGk4ywha0HKKVAD6RkW4x6Q+tNBwhf3Bgpuw=="
    }
  }
}
